// !$*UTF8*$!
{
	archiveVersion = 1;
	classes = {
	};
	objectVersion = 50;
	objects = {

/* Begin PBXBuildFile section */
		2BCFBC70229C012D0016A96B /* AppDelegate.m in Sources */ = {isa = PBXBuildFile; fileRef = 2BCFBC6F229C012D0016A96B /* AppDelegate.m */; };
		2BCFBC73229C012D0016A96B /* ViewController.m in Sources */ = {isa = PBXBuildFile; fileRef = 2BCFBC72229C012D0016A96B /* ViewController.m */; };
		2BCFBC76229C012D0016A96B /* Main.storyboard in Resources */ = {isa = PBXBuildFile; fileRef = 2BCFBC74229C012D0016A96B /* Main.storyboard */; };
		2BCFBC78229C012E0016A96B /* Assets.xcassets in Resources */ = {isa = PBXBuildFile; fileRef = 2BCFBC77229C012E0016A96B /* Assets.xcassets */; };
		2BCFBC7B229C012E0016A96B /* LaunchScreen.storyboard in Resources */ = {isa = PBXBuildFile; fileRef = 2BCFBC79229C012E0016A96B /* LaunchScreen.storyboard */; };
		2BCFBC7E229C012E0016A96B /* main.m in Sources */ = {isa = PBXBuildFile; fileRef = 2BCFBC7D229C012E0016A96B /* main.m */; };
		2BCFBC88229C012E0016A96B /* DrawGuessDemoTests.m in Sources */ = {isa = PBXBuildFile; fileRef = 2BCFBC87229C012E0016A96B /* DrawGuessDemoTests.m */; };
		2BCFBC93229C012E0016A96B /* DrawGuessDemoUITests.m in Sources */ = {isa = PBXBuildFile; fileRef = 2BCFBC92229C012E0016A96B /* DrawGuessDemoUITests.m */; };
		2BCFBCD4229C01660016A96B /* CanvasData.m in Sources */ = {isa = PBXBuildFile; fileRef = 2BCFBCA3229C01660016A96B /* CanvasData.m */; };
		2BCFBCD5229C01660016A96B /* Canvas.m in Sources */ = {isa = PBXBuildFile; fileRef = 2BCFBCA6229C01660016A96B /* Canvas.m */; };
		2BCFBCD6229C01660016A96B /* LineStrip.m in Sources */ = {isa = PBXBuildFile; fileRef = 2BCFBCA9229C01660016A96B /* LineStrip.m */; };
		2BCFBCD7229C01660016A96B /* Chartlet.m in Sources */ = {isa = PBXBuildFile; fileRef = 2BCFBCAB229C01660016A96B /* Chartlet.m */; };
		2BCFBCD8229C01660016A96B /* ChangeCanvasColor.m in Sources */ = {isa = PBXBuildFile; fileRef = 2BCFBCAC229C01660016A96B /* ChangeCanvasColor.m */; };
		2BCFBCD9229C01660016A96B /* MLLine.m in Sources */ = {isa = PBXBuildFile; fileRef = 2BCFBCAD229C01660016A96B /* MLLine.m */; };
		2BCFBCDA229C01660016A96B /* GlowingBrush.m in Sources */ = {isa = PBXBuildFile; fileRef = 2BCFBCB3229C01660016A96B /* GlowingBrush.m */; };
		2BCFBCDB229C01660016A96B /* Brush.m in Sources */ = {isa = PBXBuildFile; fileRef = 2BCFBCB5229C01660016A96B /* Brush.m */; };
		2BCFBCDC229C01660016A96B /* Printer.m in Sources */ = {isa = PBXBuildFile; fileRef = 2BCFBCB6229C01660016A96B /* Printer.m */; };
		2BCFBCDD229C01660016A96B /* Eraser.m in Sources */ = {isa = PBXBuildFile; fileRef = 2BCFBCB8229C01660016A96B /* Eraser.m */; };
		2BCFBCDE229C01660016A96B /* pen-texture.png in Resources */ = {isa = PBXBuildFile; fileRef = 2BCFBCBB229C01660016A96B /* pen-texture.png */; };
		2BCFBCDF229C01660016A96B /* glow.png in Resources */ = {isa = PBXBuildFile; fileRef = 2BCFBCBC229C01660016A96B /* glow.png */; };
		2BCFBCE0229C01660016A96B /* Maths.m in Sources */ = {isa = PBXBuildFile; fileRef = 2BCFBCBE229C01660016A96B /* Maths.m */; };
		2BCFBCE1229C01660016A96B /* BezierGenerator.m in Sources */ = {isa = PBXBuildFile; fileRef = 2BCFBCBF229C01660016A96B /* BezierGenerator.m */; };
		2BCFBCE2229C01660016A96B /* PaintingGestureRecognizer.m in Sources */ = {isa = PBXBuildFile; fileRef = 2BCFBCC0229C01660016A96B /* PaintingGestureRecognizer.m */; };
		2BCFBCE3229C01660016A96B /* MLTexture.m in Sources */ = {isa = PBXBuildFile; fileRef = 2BCFBCC5229C01660016A96B /* MLTexture.m */; };
		2BCFBCE4229C01660016A96B /* SnapshotTarget.m in Sources */ = {isa = PBXBuildFile; fileRef = 2BCFBCC6229C01660016A96B /* SnapshotTarget.m */; };
		2BCFBCE5229C01660016A96B /* MetalView.m in Sources */ = {isa = PBXBuildFile; fileRef = 2BCFBCC7229C01660016A96B /* MetalView.m */; };
		2BCFBCE6229C01660016A96B /* Shaders.metal in Sources */ = {isa = PBXBuildFile; fileRef = 2BCFBCC9229C01660016A96B /* Shaders.metal */; };
		2BCFBCE7229C01660016A96B /* RenderTarget.m in Sources */ = {isa = PBXBuildFile; fileRef = 2BCFBCCA229C01660016A96B /* RenderTarget.m */; };
		2BCFBCE8229C01660016A96B /* MLColor.m in Sources */ = {isa = PBXBuildFile; fileRef = 2BCFBCCD229C01660016A96B /* MLColor.m */; };
		2BCFBCE9229C01660016A96B /* WBMetalCanvasView.m in Sources */ = {isa = PBXBuildFile; fileRef = 2BCFBCD2229C01660016A96B /* WBMetalCanvasView.m */; };
		2BCFBCEF229C02480016A96B /* UIColor+Extension.m in Sources */ = {isa = PBXBuildFile; fileRef = 2BCFBCEE229C02480016A96B /* UIColor+Extension.m */; };
		2BCFBCF1229C04730016A96B /* ddd.json in Resources */ = {isa = PBXBuildFile; fileRef = 2BCFBCF0229C04730016A96B /* ddd.json */; };
/* End PBXBuildFile section */

/* Begin PBXContainerItemProxy section */
		2BCFBC84229C012E0016A96B /* PBXContainerItemProxy */ = {
			isa = PBXContainerItemProxy;
			containerPortal = 2BCFBC63229C012D0016A96B /* Project object */;
			proxyType = 1;
			remoteGlobalIDString = 2BCFBC6A229C012D0016A96B;
			remoteInfo = DrawGuessDemo;
		};
		2BCFBC8F229C012E0016A96B /* PBXContainerItemProxy */ = {
			isa = PBXContainerItemProxy;
			containerPortal = 2BCFBC63229C012D0016A96B /* Project object */;
			proxyType = 1;
			remoteGlobalIDString = 2BCFBC6A229C012D0016A96B;
			remoteInfo = DrawGuessDemo;
		};
/* End PBXContainerItemProxy section */

/* Begin PBXFileReference section */
		2BCFBC6B229C012D0016A96B /* DrawGuessDemo.app */ = {isa = PBXFileReference; explicitFileType = wrapper.application; includeInIndex = 0; path = DrawGuessDemo.app; sourceTree = BUILT_PRODUCTS_DIR; };
		2BCFBC6E229C012D0016A96B /* AppDelegate.h */ = {isa = PBXFileReference; lastKnownFileType = sourcecode.c.h; path = AppDelegate.h; sourceTree = "<group>"; };
		2BCFBC6F229C012D0016A96B /* AppDelegate.m */ = {isa = PBXFileReference; lastKnownFileType = sourcecode.c.objc; path = AppDelegate.m; sourceTree = "<group>"; };
		2BCFBC71229C012D0016A96B /* ViewController.h */ = {isa = PBXFileReference; lastKnownFileType = sourcecode.c.h; path = ViewController.h; sourceTree = "<group>"; };
		2BCFBC72229C012D0016A96B /* ViewController.m */ = {isa = PBXFileReference; lastKnownFileType = sourcecode.c.objc; path = ViewController.m; sourceTree = "<group>"; };
		2BCFBC75229C012D0016A96B /* Base */ = {isa = PBXFileReference; lastKnownFileType = file.storyboard; name = Base; path = Base.lproj/Main.storyboard; sourceTree = "<group>"; };
		2BCFBC77229C012E0016A96B /* Assets.xcassets */ = {isa = PBXFileReference; lastKnownFileType = folder.assetcatalog; path = Assets.xcassets; sourceTree = "<group>"; };
		2BCFBC7A229C012E0016A96B /* Base */ = {isa = PBXFileReference; lastKnownFileType = file.storyboard; name = Base; path = Base.lproj/LaunchScreen.storyboard; sourceTree = "<group>"; };
		2BCFBC7C229C012E0016A96B /* Info.plist */ = {isa = PBXFileReference; lastKnownFileType = text.plist.xml; path = Info.plist; sourceTree = "<group>"; };
		2BCFBC7D229C012E0016A96B /* main.m */ = {isa = PBXFileReference; lastKnownFileType = sourcecode.c.objc; path = main.m; sourceTree = "<group>"; };
		2BCFBC83229C012E0016A96B /* DrawGuessDemoTests.xctest */ = {isa = PBXFileReference; explicitFileType = wrapper.cfbundle; includeInIndex = 0; path = DrawGuessDemoTests.xctest; sourceTree = BUILT_PRODUCTS_DIR; };
		2BCFBC87229C012E0016A96B /* DrawGuessDemoTests.m */ = {isa = PBXFileReference; lastKnownFileType = sourcecode.c.objc; path = DrawGuessDemoTests.m; sourceTree = "<group>"; };
		2BCFBC89229C012E0016A96B /* Info.plist */ = {isa = PBXFileReference; lastKnownFileType = text.plist.xml; path = Info.plist; sourceTree = "<group>"; };
		2BCFBC8E229C012E0016A96B /* DrawGuessDemoUITests.xctest */ = {isa = PBXFileReference; explicitFileType = wrapper.cfbundle; includeInIndex = 0; path = DrawGuessDemoUITests.xctest; sourceTree = BUILT_PRODUCTS_DIR; };
		2BCFBC92229C012E0016A96B /* DrawGuessDemoUITests.m */ = {isa = PBXFileReference; lastKnownFileType = sourcecode.c.objc; path = DrawGuessDemoUITests.m; sourceTree = "<group>"; };
		2BCFBC94229C012E0016A96B /* Info.plist */ = {isa = PBXFileReference; lastKnownFileType = text.plist.xml; path = Info.plist; sourceTree = "<group>"; };
		2BCFBCA3229C01660016A96B /* CanvasData.m */ = {isa = PBXFileReference; fileEncoding = 4; lastKnownFileType = sourcecode.c.objc; path = CanvasData.m; sourceTree = "<group>"; };
		2BCFBCA4229C01660016A96B /* CanvasData.h */ = {isa = PBXFileReference; fileEncoding = 4; lastKnownFileType = sourcecode.c.h; path = CanvasData.h; sourceTree = "<group>"; };
		2BCFBCA6229C01660016A96B /* Canvas.m */ = {isa = PBXFileReference; fileEncoding = 4; lastKnownFileType = sourcecode.c.objc; path = Canvas.m; sourceTree = "<group>"; };
		2BCFBCA7229C01660016A96B /* Canvas.h */ = {isa = PBXFileReference; fileEncoding = 4; lastKnownFileType = sourcecode.c.h; path = Canvas.h; sourceTree = "<group>"; };
		2BCFBCA9229C01660016A96B /* LineStrip.m */ = {isa = PBXFileReference; fileEncoding = 4; lastKnownFileType = sourcecode.c.objc; path = LineStrip.m; sourceTree = "<group>"; };
		2BCFBCAA229C01660016A96B /* MLLine.h */ = {isa = PBXFileReference; fileEncoding = 4; lastKnownFileType = sourcecode.c.h; path = MLLine.h; sourceTree = "<group>"; };
		2BCFBCAB229C01660016A96B /* Chartlet.m */ = {isa = PBXFileReference; fileEncoding = 4; lastKnownFileType = sourcecode.c.objc; path = Chartlet.m; sourceTree = "<group>"; };
		2BCFBCAC229C01660016A96B /* ChangeCanvasColor.m */ = {isa = PBXFileReference; fileEncoding = 4; lastKnownFileType = sourcecode.c.objc; path = ChangeCanvasColor.m; sourceTree = "<group>"; };
		2BCFBCAD229C01660016A96B /* MLLine.m */ = {isa = PBXFileReference; fileEncoding = 4; lastKnownFileType = sourcecode.c.objc; path = MLLine.m; sourceTree = "<group>"; };
		2BCFBCAE229C01660016A96B /* LineStrip.h */ = {isa = PBXFileReference; fileEncoding = 4; lastKnownFileType = sourcecode.c.h; path = LineStrip.h; sourceTree = "<group>"; };
		2BCFBCAF229C01660016A96B /* Chartlet.h */ = {isa = PBXFileReference; fileEncoding = 4; lastKnownFileType = sourcecode.c.h; path = Chartlet.h; sourceTree = "<group>"; };
		2BCFBCB0229C01660016A96B /* ChangeCanvasColor.h */ = {isa = PBXFileReference; fileEncoding = 4; lastKnownFileType = sourcecode.c.h; path = ChangeCanvasColor.h; sourceTree = "<group>"; };
		2BCFBCB2229C01660016A96B /* Printer.h */ = {isa = PBXFileReference; fileEncoding = 4; lastKnownFileType = sourcecode.c.h; path = Printer.h; sourceTree = "<group>"; };
		2BCFBCB3229C01660016A96B /* GlowingBrush.m */ = {isa = PBXFileReference; fileEncoding = 4; lastKnownFileType = sourcecode.c.objc; path = GlowingBrush.m; sourceTree = "<group>"; };
		2BCFBCB4229C01660016A96B /* Eraser.h */ = {isa = PBXFileReference; fileEncoding = 4; lastKnownFileType = sourcecode.c.h; path = Eraser.h; sourceTree = "<group>"; };
		2BCFBCB5229C01660016A96B /* Brush.m */ = {isa = PBXFileReference; fileEncoding = 4; lastKnownFileType = sourcecode.c.objc; path = Brush.m; sourceTree = "<group>"; };
		2BCFBCB6229C01660016A96B /* Printer.m */ = {isa = PBXFileReference; fileEncoding = 4; lastKnownFileType = sourcecode.c.objc; path = Printer.m; sourceTree = "<group>"; };
		2BCFBCB7229C01660016A96B /* GlowingBrush.h */ = {isa = PBXFileReference; fileEncoding = 4; lastKnownFileType = sourcecode.c.h; path = GlowingBrush.h; sourceTree = "<group>"; };
		2BCFBCB8229C01660016A96B /* Eraser.m */ = {isa = PBXFileReference; fileEncoding = 4; lastKnownFileType = sourcecode.c.objc; path = Eraser.m; sourceTree = "<group>"; };
		2BCFBCB9229C01660016A96B /* Brush.h */ = {isa = PBXFileReference; fileEncoding = 4; lastKnownFileType = sourcecode.c.h; path = Brush.h; sourceTree = "<group>"; };
		2BCFBCBB229C01660016A96B /* pen-texture.png */ = {isa = PBXFileReference; lastKnownFileType = image.png; path = "pen-texture.png"; sourceTree = "<group>"; };
		2BCFBCBC229C01660016A96B /* glow.png */ = {isa = PBXFileReference; lastKnownFileType = image.png; path = glow.png; sourceTree = "<group>"; };
		2BCFBCBE229C01660016A96B /* Maths.m */ = {isa = PBXFileReference; fileEncoding = 4; lastKnownFileType = sourcecode.c.objc; path = Maths.m; sourceTree = "<group>"; };
		2BCFBCBF229C01660016A96B /* BezierGenerator.m */ = {isa = PBXFileReference; fileEncoding = 4; lastKnownFileType = sourcecode.c.objc; path = BezierGenerator.m; sourceTree = "<group>"; };
		2BCFBCC0229C01660016A96B /* PaintingGestureRecognizer.m */ = {isa = PBXFileReference; fileEncoding = 4; lastKnownFileType = sourcecode.c.objc; path = PaintingGestureRecognizer.m; sourceTree = "<group>"; };
		2BCFBCC1229C01660016A96B /* Maths.h */ = {isa = PBXFileReference; fileEncoding = 4; lastKnownFileType = sourcecode.c.h; path = Maths.h; sourceTree = "<group>"; };
		2BCFBCC2229C01660016A96B /* PaintingGestureRecognizer.h */ = {isa = PBXFileReference; fileEncoding = 4; lastKnownFileType = sourcecode.c.h; path = PaintingGestureRecognizer.h; sourceTree = "<group>"; };
		2BCFBCC3229C01660016A96B /* BezierGenerator.h */ = {isa = PBXFileReference; fileEncoding = 4; lastKnownFileType = sourcecode.c.h; path = BezierGenerator.h; sourceTree = "<group>"; };
		2BCFBCC5229C01660016A96B /* MLTexture.m */ = {isa = PBXFileReference; fileEncoding = 4; lastKnownFileType = sourcecode.c.objc; path = MLTexture.m; sourceTree = "<group>"; };
		2BCFBCC6229C01660016A96B /* SnapshotTarget.m */ = {isa = PBXFileReference; fileEncoding = 4; lastKnownFileType = sourcecode.c.objc; path = SnapshotTarget.m; sourceTree = "<group>"; };
		2BCFBCC7229C01660016A96B /* MetalView.m */ = {isa = PBXFileReference; fileEncoding = 4; lastKnownFileType = sourcecode.c.objc; path = MetalView.m; sourceTree = "<group>"; };
		2BCFBCC8229C01660016A96B /* MLColor.h */ = {isa = PBXFileReference; fileEncoding = 4; lastKnownFileType = sourcecode.c.h; path = MLColor.h; sourceTree = "<group>"; };
		2BCFBCC9229C01660016A96B /* Shaders.metal */ = {isa = PBXFileReference; fileEncoding = 4; lastKnownFileType = sourcecode.metal; path = Shaders.metal; sourceTree = "<group>"; };
		2BCFBCCA229C01660016A96B /* RenderTarget.m */ = {isa = PBXFileReference; fileEncoding = 4; lastKnownFileType = sourcecode.c.objc; path = RenderTarget.m; sourceTree = "<group>"; };
		2BCFBCCB229C01660016A96B /* SnapshotTarget.h */ = {isa = PBXFileReference; fileEncoding = 4; lastKnownFileType = sourcecode.c.h; path = SnapshotTarget.h; sourceTree = "<group>"; };
		2BCFBCCC229C01660016A96B /* MLTexture.h */ = {isa = PBXFileReference; fileEncoding = 4; lastKnownFileType = sourcecode.c.h; path = MLTexture.h; sourceTree = "<group>"; };
		2BCFBCCD229C01660016A96B /* MLColor.m */ = {isa = PBXFileReference; fileEncoding = 4; lastKnownFileType = sourcecode.c.objc; path = MLColor.m; sourceTree = "<group>"; };
		2BCFBCCE229C01660016A96B /* MetalView.h */ = {isa = PBXFileReference; fileEncoding = 4; lastKnownFileType = sourcecode.c.h; path = MetalView.h; sourceTree = "<group>"; };
		2BCFBCCF229C01660016A96B /* RenderTarget.h */ = {isa = PBXFileReference; fileEncoding = 4; lastKnownFileType = sourcecode.c.h; path = RenderTarget.h; sourceTree = "<group>"; };
		2BCFBCD1229C01660016A96B /* WBMetalCanvasView.h */ = {isa = PBXFileReference; fileEncoding = 4; lastKnownFileType = sourcecode.c.h; path = WBMetalCanvasView.h; sourceTree = "<group>"; };
		2BCFBCD2229C01660016A96B /* WBMetalCanvasView.m */ = {isa = PBXFileReference; fileEncoding = 4; lastKnownFileType = sourcecode.c.objc; path = WBMetalCanvasView.m; sourceTree = "<group>"; };
		2BCFBCD3229C01660016A96B /* WBDrawGuessDefineHeader.h */ = {isa = PBXFileReference; fileEncoding = 4; lastKnownFileType = sourcecode.c.h; path = WBDrawGuessDefineHeader.h; sourceTree = "<group>"; };
		2BCFBCED229C02480016A96B /* UIColor+Extension.h */ = {isa = PBXFileReference; lastKnownFileType = sourcecode.c.h; path = "UIColor+Extension.h"; sourceTree = "<group>"; };
		2BCFBCEE229C02480016A96B /* UIColor+Extension.m */ = {isa = PBXFileReference; lastKnownFileType = sourcecode.c.objc; path = "UIColor+Extension.m"; sourceTree = "<group>"; };
		2BCFBCF0229C04730016A96B /* ddd.json */ = {isa = PBXFileReference; fileEncoding = 4; lastKnownFileType = text.json; path = ddd.json; sourceTree = "<group>"; };
/* End PBXFileReference section */

/* Begin PBXFrameworksBuildPhase section */
		2BCFBC68229C012D0016A96B /* Frameworks */ = {
			isa = PBXFrameworksBuildPhase;
			buildActionMask = 2147483647;
			files = (
			);
			runOnlyForDeploymentPostprocessing = 0;
		};
		2BCFBC80229C012E0016A96B /* Frameworks */ = {
			isa = PBXFrameworksBuildPhase;
			buildActionMask = 2147483647;
			files = (
			);
			runOnlyForDeploymentPostprocessing = 0;
		};
		2BCFBC8B229C012E0016A96B /* Frameworks */ = {
			isa = PBXFrameworksBuildPhase;
			buildActionMask = 2147483647;
			files = (
			);
			runOnlyForDeploymentPostprocessing = 0;
		};
/* End PBXFrameworksBuildPhase section */

/* Begin PBXGroup section */
		2BCFBC62229C012D0016A96B = {
			isa = PBXGroup;
			children = (
				2BCFBC6D229C012D0016A96B /* DrawGuessDemo */,
				2BCFBC86229C012E0016A96B /* DrawGuessDemoTests */,
				2BCFBC91229C012E0016A96B /* DrawGuessDemoUITests */,
				2BCFBC6C229C012D0016A96B /* Products */,
			);
			sourceTree = "<group>";
		};
		2BCFBC6C229C012D0016A96B /* Products */ = {
			isa = PBXGroup;
			children = (
				2BCFBC6B229C012D0016A96B /* DrawGuessDemo.app */,
				2BCFBC83229C012E0016A96B /* DrawGuessDemoTests.xctest */,
				2BCFBC8E229C012E0016A96B /* DrawGuessDemoUITests.xctest */,
			);
			name = Products;
			sourceTree = "<group>";
		};
		2BCFBC6D229C012D0016A96B /* DrawGuessDemo */ = {
			isa = PBXGroup;
			children = (
				2BCFBCF0229C04730016A96B /* ddd.json */,
				2BCFBCA0229C01660016A96B /* DrawGuess */,
				2BCFBC6E229C012D0016A96B /* AppDelegate.h */,
				2BCFBC6F229C012D0016A96B /* AppDelegate.m */,
				2BCFBC71229C012D0016A96B /* ViewController.h */,
				2BCFBC72229C012D0016A96B /* ViewController.m */,
				2BCFBCED229C02480016A96B /* UIColor+Extension.h */,
				2BCFBCEE229C02480016A96B /* UIColor+Extension.m */,
				2BCFBC74229C012D0016A96B /* Main.storyboard */,
				2BCFBC77229C012E0016A96B /* Assets.xcassets */,
				2BCFBC79229C012E0016A96B /* LaunchScreen.storyboard */,
				2BCFBC7C229C012E0016A96B /* Info.plist */,
				2BCFBC7D229C012E0016A96B /* main.m */,
			);
			path = DrawGuessDemo;
			sourceTree = "<group>";
		};
		2BCFBC86229C012E0016A96B /* DrawGuessDemoTests */ = {
			isa = PBXGroup;
			children = (
				2BCFBC87229C012E0016A96B /* DrawGuessDemoTests.m */,
				2BCFBC89229C012E0016A96B /* Info.plist */,
			);
			path = DrawGuessDemoTests;
			sourceTree = "<group>";
		};
		2BCFBC91229C012E0016A96B /* DrawGuessDemoUITests */ = {
			isa = PBXGroup;
			children = (
				2BCFBC92229C012E0016A96B /* DrawGuessDemoUITests.m */,
				2BCFBC94229C012E0016A96B /* Info.plist */,
			);
			path = DrawGuessDemoUITests;
			sourceTree = "<group>";
		};
		2BCFBCA0229C01660016A96B /* DrawGuess */ = {
			isa = PBXGroup;
			children = (
				2BCFBCA1229C01660016A96B /* MaLiang */,
				2BCFBCD0229C01660016A96B /* Canvas */,
				2BCFBCD3229C01660016A96B /* WBDrawGuessDefineHeader.h */,
			);
			path = DrawGuess;
			sourceTree = "<group>";
		};
		2BCFBCA1229C01660016A96B /* MaLiang */ = {
			isa = PBXGroup;
			children = (
				2BCFBCA2229C01660016A96B /* Data & Documents */,
				2BCFBCA5229C01660016A96B /* Canvas */,
				2BCFBCA8229C01660016A96B /* Elements */,
				2BCFBCB1229C01660016A96B /* Brush */,
				2BCFBCBA229C01660016A96B /* Resource */,
				2BCFBCBD229C01660016A96B /* Math & Utils */,
				2BCFBCC4229C01660016A96B /* Base */,
			);
			path = MaLiang;
			sourceTree = "<group>";
		};
		2BCFBCA2229C01660016A96B /* Data & Documents */ = {
			isa = PBXGroup;
			children = (
				2BCFBCA3229C01660016A96B /* CanvasData.m */,
				2BCFBCA4229C01660016A96B /* CanvasData.h */,
			);
			path = "Data & Documents";
			sourceTree = "<group>";
		};
		2BCFBCA5229C01660016A96B /* Canvas */ = {
			isa = PBXGroup;
			children = (
				2BCFBCA6229C01660016A96B /* Canvas.m */,
				2BCFBCA7229C01660016A96B /* Canvas.h */,
			);
			path = Canvas;
			sourceTree = "<group>";
		};
		2BCFBCA8229C01660016A96B /* Elements */ = {
			isa = PBXGroup;
			children = (
				2BCFBCA9229C01660016A96B /* LineStrip.m */,
				2BCFBCAA229C01660016A96B /* MLLine.h */,
				2BCFBCAB229C01660016A96B /* Chartlet.m */,
				2BCFBCAC229C01660016A96B /* ChangeCanvasColor.m */,
				2BCFBCAD229C01660016A96B /* MLLine.m */,
				2BCFBCAE229C01660016A96B /* LineStrip.h */,
				2BCFBCAF229C01660016A96B /* Chartlet.h */,
				2BCFBCB0229C01660016A96B /* ChangeCanvasColor.h */,
			);
			path = Elements;
			sourceTree = "<group>";
		};
		2BCFBCB1229C01660016A96B /* Brush */ = {
			isa = PBXGroup;
			children = (
				2BCFBCB2229C01660016A96B /* Printer.h */,
				2BCFBCB3229C01660016A96B /* GlowingBrush.m */,
				2BCFBCB4229C01660016A96B /* Eraser.h */,
				2BCFBCB5229C01660016A96B /* Brush.m */,
				2BCFBCB6229C01660016A96B /* Printer.m */,
				2BCFBCB7229C01660016A96B /* GlowingBrush.h */,
				2BCFBCB8229C01660016A96B /* Eraser.m */,
				2BCFBCB9229C01660016A96B /* Brush.h */,
			);
			path = Brush;
			sourceTree = "<group>";
		};
		2BCFBCBA229C01660016A96B /* Resource */ = {
			isa = PBXGroup;
			children = (
				2BCFBCBB229C01660016A96B /* pen-texture.png */,
				2BCFBCBC229C01660016A96B /* glow.png */,
			);
			path = Resource;
			sourceTree = "<group>";
		};
		2BCFBCBD229C01660016A96B /* Math & Utils */ = {
			isa = PBXGroup;
			children = (
				2BCFBCBE229C01660016A96B /* Maths.m */,
				2BCFBCBF229C01660016A96B /* BezierGenerator.m */,
				2BCFBCC0229C01660016A96B /* PaintingGestureRecognizer.m */,
				2BCFBCC1229C01660016A96B /* Maths.h */,
				2BCFBCC2229C01660016A96B /* PaintingGestureRecognizer.h */,
				2BCFBCC3229C01660016A96B /* BezierGenerator.h */,
			);
			path = "Math & Utils";
			sourceTree = "<group>";
		};
		2BCFBCC4229C01660016A96B /* Base */ = {
			isa = PBXGroup;
			children = (
				2BCFBCC5229C01660016A96B /* MLTexture.m */,
				2BCFBCC6229C01660016A96B /* SnapshotTarget.m */,
				2BCFBCC7229C01660016A96B /* MetalView.m */,
				2BCFBCC8229C01660016A96B /* MLColor.h */,
				2BCFBCC9229C01660016A96B /* Shaders.metal */,
				2BCFBCCA229C01660016A96B /* RenderTarget.m */,
				2BCFBCCB229C01660016A96B /* SnapshotTarget.h */,
				2BCFBCCC229C01660016A96B /* MLTexture.h */,
				2BCFBCCD229C01660016A96B /* MLColor.m */,
				2BCFBCCE229C01660016A96B /* MetalView.h */,
				2BCFBCCF229C01660016A96B /* RenderTarget.h */,
			);
			path = Base;
			sourceTree = "<group>";
		};
		2BCFBCD0229C01660016A96B /* Canvas */ = {
			isa = PBXGroup;
			children = (
				2BCFBCD1229C01660016A96B /* WBMetalCanvasView.h */,
				2BCFBCD2229C01660016A96B /* WBMetalCanvasView.m */,
			);
			path = Canvas;
			sourceTree = "<group>";
		};
/* End PBXGroup section */

/* Begin PBXNativeTarget section */
		2BCFBC6A229C012D0016A96B /* DrawGuessDemo */ = {
			isa = PBXNativeTarget;
			buildConfigurationList = 2BCFBC97229C012E0016A96B /* Build configuration list for PBXNativeTarget "DrawGuessDemo" */;
			buildPhases = (
				2BCFBC67229C012D0016A96B /* Sources */,
				2BCFBC68229C012D0016A96B /* Frameworks */,
				2BCFBC69229C012D0016A96B /* Resources */,
			);
			buildRules = (
			);
			dependencies = (
			);
			name = DrawGuessDemo;
			productName = DrawGuessDemo;
			productReference = 2BCFBC6B229C012D0016A96B /* DrawGuessDemo.app */;
			productType = "com.apple.product-type.application";
		};
		2BCFBC82229C012E0016A96B /* DrawGuessDemoTests */ = {
			isa = PBXNativeTarget;
			buildConfigurationList = 2BCFBC9A229C012E0016A96B /* Build configuration list for PBXNativeTarget "DrawGuessDemoTests" */;
			buildPhases = (
				2BCFBC7F229C012E0016A96B /* Sources */,
				2BCFBC80229C012E0016A96B /* Frameworks */,
				2BCFBC81229C012E0016A96B /* Resources */,
			);
			buildRules = (
			);
			dependencies = (
				2BCFBC85229C012E0016A96B /* PBXTargetDependency */,
			);
			name = DrawGuessDemoTests;
			productName = DrawGuessDemoTests;
			productReference = 2BCFBC83229C012E0016A96B /* DrawGuessDemoTests.xctest */;
			productType = "com.apple.product-type.bundle.unit-test";
		};
		2BCFBC8D229C012E0016A96B /* DrawGuessDemoUITests */ = {
			isa = PBXNativeTarget;
			buildConfigurationList = 2BCFBC9D229C012E0016A96B /* Build configuration list for PBXNativeTarget "DrawGuessDemoUITests" */;
			buildPhases = (
				2BCFBC8A229C012E0016A96B /* Sources */,
				2BCFBC8B229C012E0016A96B /* Frameworks */,
				2BCFBC8C229C012E0016A96B /* Resources */,
			);
			buildRules = (
			);
			dependencies = (
				2BCFBC90229C012E0016A96B /* PBXTargetDependency */,
			);
			name = DrawGuessDemoUITests;
			productName = DrawGuessDemoUITests;
			productReference = 2BCFBC8E229C012E0016A96B /* DrawGuessDemoUITests.xctest */;
			productType = "com.apple.product-type.bundle.ui-testing";
		};
/* End PBXNativeTarget section */

/* Begin PBXProject section */
		2BCFBC63229C012D0016A96B /* Project object */ = {
			isa = PBXProject;
			attributes = {
				LastUpgradeCheck = 1020;
				ORGANIZATIONNAME = Freelf;
				TargetAttributes = {
					2BCFBC6A229C012D0016A96B = {
						CreatedOnToolsVersion = 10.2.1;
					};
					2BCFBC82229C012E0016A96B = {
						CreatedOnToolsVersion = 10.2.1;
						TestTargetID = 2BCFBC6A229C012D0016A96B;
					};
					2BCFBC8D229C012E0016A96B = {
						CreatedOnToolsVersion = 10.2.1;
						TestTargetID = 2BCFBC6A229C012D0016A96B;
					};
				};
			};
			buildConfigurationList = 2BCFBC66229C012D0016A96B /* Build configuration list for PBXProject "DrawGuessDemo" */;
			compatibilityVersion = "Xcode 9.3";
			developmentRegion = en;
			hasScannedForEncodings = 0;
			knownRegions = (
				en,
				Base,
			);
			mainGroup = 2BCFBC62229C012D0016A96B;
			productRefGroup = 2BCFBC6C229C012D0016A96B /* Products */;
			projectDirPath = "";
			projectRoot = "";
			targets = (
				2BCFBC6A229C012D0016A96B /* DrawGuessDemo */,
				2BCFBC82229C012E0016A96B /* DrawGuessDemoTests */,
				2BCFBC8D229C012E0016A96B /* DrawGuessDemoUITests */,
			);
		};
/* End PBXProject section */

/* Begin PBXResourcesBuildPhase section */
		2BCFBC69229C012D0016A96B /* Resources */ = {
			isa = PBXResourcesBuildPhase;
			buildActionMask = 2147483647;
			files = (
				2BCFBC7B229C012E0016A96B /* LaunchScreen.storyboard in Resources */,
				2BCFBCDF229C01660016A96B /* glow.png in Resources */,
				2BCFBCF1229C04730016A96B /* ddd.json in Resources */,
				2BCFBC78229C012E0016A96B /* Assets.xcassets in Resources */,
				2BCFBC76229C012D0016A96B /* Main.storyboard in Resources */,
				2BCFBCDE229C01660016A96B /* pen-texture.png in Resources */,
			);
			runOnlyForDeploymentPostprocessing = 0;
		};
		2BCFBC81229C012E0016A96B /* Resources */ = {
			isa = PBXResourcesBuildPhase;
			buildActionMask = 2147483647;
			files = (
			);
			runOnlyForDeploymentPostprocessing = 0;
		};
		2BCFBC8C229C012E0016A96B /* Resources */ = {
			isa = PBXResourcesBuildPhase;
			buildActionMask = 2147483647;
			files = (
			);
			runOnlyForDeploymentPostprocessing = 0;
		};
/* End PBXResourcesBuildPhase section */

/* Begin PBXSourcesBuildPhase section */
		2BCFBC67229C012D0016A96B /* Sources */ = {
			isa = PBXSourcesBuildPhase;
			buildActionMask = 2147483647;
			files = (
				2BCFBCDC229C01660016A96B /* Printer.m in Sources */,
				2BCFBCE5229C01660016A96B /* MetalView.m in Sources */,
				2BCFBCDA229C01660016A96B /* GlowingBrush.m in Sources */,
				2BCFBCD6229C01660016A96B /* LineStrip.m in Sources */,
				2BCFBCE6229C01660016A96B /* Shaders.metal in Sources */,
				2BCFBCE9229C01660016A96B /* WBMetalCanvasView.m in Sources */,
				2BCFBC73229C012D0016A96B /* ViewController.m in Sources */,
				2BCFBCD9229C01660016A96B /* MLLine.m in Sources */,
				2BCFBCDB229C01660016A96B /* Brush.m in Sources */,
				2BCFBCD4229C01660016A96B /* CanvasData.m in Sources */,
				2BCFBCE3229C01660016A96B /* MLTexture.m in Sources */,
				2BCFBCE4229C01660016A96B /* SnapshotTarget.m in Sources */,
				2BCFBCE2229C01660016A96B /* PaintingGestureRecognizer.m in Sources */,
				2BCFBCE8229C01660016A96B /* MLColor.m in Sources */,
				2BCFBCE0229C01660016A96B /* Maths.m in Sources */,
				2BCFBC7E229C012E0016A96B /* main.m in Sources */,
				2BCFBCD5229C01660016A96B /* Canvas.m in Sources */,
				2BCFBCE7229C01660016A96B /* RenderTarget.m in Sources */,
				2BCFBCD7229C01660016A96B /* Chartlet.m in Sources */,
				2BCFBCEF229C02480016A96B /* UIColor+Extension.m in Sources */,
				2BCFBCE1229C01660016A96B /* BezierGenerator.m in Sources */,
				2BCFBC70229C012D0016A96B /* AppDelegate.m in Sources */,
				2BCFBCD8229C01660016A96B /* ChangeCanvasColor.m in Sources */,
				2BCFBCDD229C01660016A96B /* Eraser.m in Sources */,
			);
			runOnlyForDeploymentPostprocessing = 0;
		};
		2BCFBC7F229C012E0016A96B /* Sources */ = {
			isa = PBXSourcesBuildPhase;
			buildActionMask = 2147483647;
			files = (
				2BCFBC88229C012E0016A96B /* DrawGuessDemoTests.m in Sources */,
			);
			runOnlyForDeploymentPostprocessing = 0;
		};
		2BCFBC8A229C012E0016A96B /* Sources */ = {
			isa = PBXSourcesBuildPhase;
			buildActionMask = 2147483647;
			files = (
				2BCFBC93229C012E0016A96B /* DrawGuessDemoUITests.m in Sources */,
			);
			runOnlyForDeploymentPostprocessing = 0;
		};
/* End PBXSourcesBuildPhase section */

/* Begin PBXTargetDependency section */
		2BCFBC85229C012E0016A96B /* PBXTargetDependency */ = {
			isa = PBXTargetDependency;
			target = 2BCFBC6A229C012D0016A96B /* DrawGuessDemo */;
			targetProxy = 2BCFBC84229C012E0016A96B /* PBXContainerItemProxy */;
		};
		2BCFBC90229C012E0016A96B /* PBXTargetDependency */ = {
			isa = PBXTargetDependency;
			target = 2BCFBC6A229C012D0016A96B /* DrawGuessDemo */;
			targetProxy = 2BCFBC8F229C012E0016A96B /* PBXContainerItemProxy */;
		};
/* End PBXTargetDependency section */

/* Begin PBXVariantGroup section */
		2BCFBC74229C012D0016A96B /* Main.storyboard */ = {
			isa = PBXVariantGroup;
			children = (
				2BCFBC75229C012D0016A96B /* Base */,
			);
			name = Main.storyboard;
			sourceTree = "<group>";
		};
		2BCFBC79229C012E0016A96B /* LaunchScreen.storyboard */ = {
			isa = PBXVariantGroup;
			children = (
				2BCFBC7A229C012E0016A96B /* Base */,
			);
			name = LaunchScreen.storyboard;
			sourceTree = "<group>";
		};
/* End PBXVariantGroup section */

/* Begin XCBuildConfiguration section */
		2BCFBC95229C012E0016A96B /* Debug */ = {
			isa = XCBuildConfiguration;
			buildSettings = {
				ALWAYS_SEARCH_USER_PATHS = NO;
				CLANG_ANALYZER_NONNULL = YES;
				CLANG_ANALYZER_NUMBER_OBJECT_CONVERSION = YES_AGGRESSIVE;
				CLANG_CXX_LANGUAGE_STANDARD = "gnu++14";
				CLANG_CXX_LIBRARY = "libc++";
				CLANG_ENABLE_MODULES = YES;
				CLANG_ENABLE_OBJC_ARC = YES;
				CLANG_ENABLE_OBJC_WEAK = YES;
				CLANG_WARN_BLOCK_CAPTURE_AUTORELEASING = YES;
				CLANG_WARN_BOOL_CONVERSION = YES;
				CLANG_WARN_COMMA = YES;
				CLANG_WARN_CONSTANT_CONVERSION = YES;
				CLANG_WARN_DEPRECATED_OBJC_IMPLEMENTATIONS = YES;
				CLANG_WARN_DIRECT_OBJC_ISA_USAGE = YES_ERROR;
				CLANG_WARN_DOCUMENTATION_COMMENTS = YES;
				CLANG_WARN_EMPTY_BODY = YES;
				CLANG_WARN_ENUM_CONVERSION = YES;
				CLANG_WARN_INFINITE_RECURSION = YES;
				CLANG_WARN_INT_CONVERSION = YES;
				CLANG_WARN_NON_LITERAL_NULL_CONVERSION = YES;
				CLANG_WARN_OBJC_IMPLICIT_RETAIN_SELF = YES;
				CLANG_WARN_OBJC_LITERAL_CONVERSION = YES;
				CLANG_WARN_OBJC_ROOT_CLASS = YES_ERROR;
				CLANG_WARN_RANGE_LOOP_ANALYSIS = YES;
				CLANG_WARN_STRICT_PROTOTYPES = YES;
				CLANG_WARN_SUSPICIOUS_MOVE = YES;
				CLANG_WARN_UNGUARDED_AVAILABILITY = YES_AGGRESSIVE;
				CLANG_WARN_UNREACHABLE_CODE = YES;
				CLANG_WARN__DUPLICATE_METHOD_MATCH = YES;
				CODE_SIGN_IDENTITY = "iPhone Developer";
				COPY_PHASE_STRIP = NO;
				DEBUG_INFORMATION_FORMAT = dwarf;
				ENABLE_STRICT_OBJC_MSGSEND = YES;
				ENABLE_TESTABILITY = YES;
				GCC_C_LANGUAGE_STANDARD = gnu11;
				GCC_DYNAMIC_NO_PIC = NO;
				GCC_NO_COMMON_BLOCKS = YES;
				GCC_OPTIMIZATION_LEVEL = 0;
				GCC_PREPROCESSOR_DEFINITIONS = (
					"DEBUG=1",
					"$(inherited)",
				);
				GCC_WARN_64_TO_32_BIT_CONVERSION = YES;
				GCC_WARN_ABOUT_RETURN_TYPE = YES_ERROR;
				GCC_WARN_UNDECLARED_SELECTOR = YES;
				GCC_WARN_UNINITIALIZED_AUTOS = YES_AGGRESSIVE;
				GCC_WARN_UNUSED_FUNCTION = YES;
				GCC_WARN_UNUSED_VARIABLE = YES;
				IPHONEOS_DEPLOYMENT_TARGET = 12.2;
				MTL_ENABLE_DEBUG_INFO = INCLUDE_SOURCE;
				MTL_FAST_MATH = YES;
				ONLY_ACTIVE_ARCH = YES;
				SDKROOT = iphoneos;
			};
			name = Debug;
		};
		2BCFBC96229C012E0016A96B /* Release */ = {
			isa = XCBuildConfiguration;
			buildSettings = {
				ALWAYS_SEARCH_USER_PATHS = NO;
				CLANG_ANALYZER_NONNULL = YES;
				CLANG_ANALYZER_NUMBER_OBJECT_CONVERSION = YES_AGGRESSIVE;
				CLANG_CXX_LANGUAGE_STANDARD = "gnu++14";
				CLANG_CXX_LIBRARY = "libc++";
				CLANG_ENABLE_MODULES = YES;
				CLANG_ENABLE_OBJC_ARC = YES;
				CLANG_ENABLE_OBJC_WEAK = YES;
				CLANG_WARN_BLOCK_CAPTURE_AUTORELEASING = YES;
				CLANG_WARN_BOOL_CONVERSION = YES;
				CLANG_WARN_COMMA = YES;
				CLANG_WARN_CONSTANT_CONVERSION = YES;
				CLANG_WARN_DEPRECATED_OBJC_IMPLEMENTATIONS = YES;
				CLANG_WARN_DIRECT_OBJC_ISA_USAGE = YES_ERROR;
				CLANG_WARN_DOCUMENTATION_COMMENTS = YES;
				CLANG_WARN_EMPTY_BODY = YES;
				CLANG_WARN_ENUM_CONVERSION = YES;
				CLANG_WARN_INFINITE_RECURSION = YES;
				CLANG_WARN_INT_CONVERSION = YES;
				CLANG_WARN_NON_LITERAL_NULL_CONVERSION = YES;
				CLANG_WARN_OBJC_IMPLICIT_RETAIN_SELF = YES;
				CLANG_WARN_OBJC_LITERAL_CONVERSION = YES;
				CLANG_WARN_OBJC_ROOT_CLASS = YES_ERROR;
				CLANG_WARN_RANGE_LOOP_ANALYSIS = YES;
				CLANG_WARN_STRICT_PROTOTYPES = YES;
				CLANG_WARN_SUSPICIOUS_MOVE = YES;
				CLANG_WARN_UNGUARDED_AVAILABILITY = YES_AGGRESSIVE;
				CLANG_WARN_UNREACHABLE_CODE = YES;
				CLANG_WARN__DUPLICATE_METHOD_MATCH = YES;
				CODE_SIGN_IDENTITY = "iPhone Developer";
				COPY_PHASE_STRIP = NO;
				DEBUG_INFORMATION_FORMAT = "dwarf-with-dsym";
				ENABLE_NS_ASSERTIONS = NO;
				ENABLE_STRICT_OBJC_MSGSEND = YES;
				GCC_C_LANGUAGE_STANDARD = gnu11;
				GCC_NO_COMMON_BLOCKS = YES;
				GCC_WARN_64_TO_32_BIT_CONVERSION = YES;
				GCC_WARN_ABOUT_RETURN_TYPE = YES_ERROR;
				GCC_WARN_UNDECLARED_SELECTOR = YES;
				GCC_WARN_UNINITIALIZED_AUTOS = YES_AGGRESSIVE;
				GCC_WARN_UNUSED_FUNCTION = YES;
				GCC_WARN_UNUSED_VARIABLE = YES;
				IPHONEOS_DEPLOYMENT_TARGET = 12.2;
				MTL_ENABLE_DEBUG_INFO = NO;
				MTL_FAST_MATH = YES;
				SDKROOT = iphoneos;
				VALIDATE_PRODUCT = YES;
			};
			name = Release;
		};
		2BCFBC98229C012E0016A96B /* Debug */ = {
			isa = XCBuildConfiguration;
			buildSettings = {
				ASSETCATALOG_COMPILER_APPICON_NAME = AppIcon;
				CODE_SIGN_STYLE = Automatic;
				DEVELOPMENT_TEAM = LDY66CZNGW;
				INFOPLIST_FILE = DrawGuessDemo/Info.plist;
				IPHONEOS_DEPLOYMENT_TARGET = 9.0;
				LD_RUNPATH_SEARCH_PATHS = (
					"$(inherited)",
					"@executable_path/Frameworks",
				);
				PRODUCT_BUNDLE_IDENTIFIER = moqipobing.DrawGuessDemo;
				PRODUCT_NAME = "$(TARGET_NAME)";
				TARGETED_DEVICE_FAMILY = "1,2";
			};
			name = Debug;
		};
		2BCFBC99229C012E0016A96B /* Release */ = {
			isa = XCBuildConfiguration;
			buildSettings = {
				ASSETCATALOG_COMPILER_APPICON_NAME = AppIcon;
				CODE_SIGN_STYLE = Automatic;
				DEVELOPMENT_TEAM = LDY66CZNGW;
				INFOPLIST_FILE = DrawGuessDemo/Info.plist;
				IPHONEOS_DEPLOYMENT_TARGET = 9.0;
				LD_RUNPATH_SEARCH_PATHS = (
					"$(inherited)",
					"@executable_path/Frameworks",
				);
				PRODUCT_BUNDLE_IDENTIFIER = moqipobing.DrawGuessDemo;
				PRODUCT_NAME = "$(TARGET_NAME)";
				TARGETED_DEVICE_FAMILY = "1,2";
			};
			name = Release;
		};
		2BCFBC9B229C012E0016A96B /* Debug */ = {
			isa = XCBuildConfiguration;
			buildSettings = {
				BUNDLE_LOADER = "$(TEST_HOST)";
				CODE_SIGN_STYLE = Automatic;
				DEVELOPMENT_TEAM = LDY66CZNGW;
				INFOPLIST_FILE = DrawGuessDemoTests/Info.plist;
				LD_RUNPATH_SEARCH_PATHS = (
					"$(inherited)",
					"@executable_path/Frameworks",
					"@loader_path/Frameworks",
				);
				PRODUCT_BUNDLE_IDENTIFIER = moqipobing.DrawGuessDemoTests;
				PRODUCT_NAME = "$(TARGET_NAME)";
				TARGETED_DEVICE_FAMILY = "1,2";
				TEST_HOST = "$(BUILT_PRODUCTS_DIR)/DrawGuessDemo.app/DrawGuessDemo";
			};
			name = Debug;
		};
		2BCFBC9C229C012E0016A96B /* Release */ = {
			isa = XCBuildConfiguration;
			buildSettings = {
				BUNDLE_LOADER = "$(TEST_HOST)";
				CODE_SIGN_STYLE = Automatic;
				DEVELOPMENT_TEAM = LDY66CZNGW;
				INFOPLIST_FILE = DrawGuessDemoTests/Info.plist;
				LD_RUNPATH_SEARCH_PATHS = (
					"$(inherited)",
					"@executable_path/Frameworks",
					"@loader_path/Frameworks",
				);
				PRODUCT_BUNDLE_IDENTIFIER = moqipobing.DrawGuessDemoTests;
				PRODUCT_NAME = "$(TARGET_NAME)";
				TARGETED_DEVICE_FAMILY = "1,2";
				TEST_HOST = "$(BUILT_PRODUCTS_DIR)/DrawGuessDemo.app/DrawGuessDemo";
			};
			name = Release;
		};
		2BCFBC9E229C012E0016A96B /* Debug */ = {
			isa = XCBuildConfiguration;
			buildSettings = {
				CODE_SIGN_STYLE = Automatic;
				DEVELOPMENT_TEAM = LDY66CZNGW;
				INFOPLIST_FILE = DrawGuessDemoUITests/Info.plist;
				LD_RUNPATH_SEARCH_PATHS = (
					"$(inherited)",
					"@executable_path/Frameworks",
					"@loader_path/Frameworks",
				);
				PRODUCT_BUNDLE_IDENTIFIER = moqipobing.DrawGuessDemoUITests;
				PRODUCT_NAME = "$(TARGET_NAME)";
				TARGETED_DEVICE_FAMILY = "1,2";
				TEST_TARGET_NAME = DrawGuessDemo;
			};
			name = Debug;
		};
		2BCFBC9F229C012E0016A96B /* Release */ = {
			isa = XCBuildConfiguration;
			buildSettings = {
				CODE_SIGN_STYLE = Automatic;
				DEVELOPMENT_TEAM = LDY66CZNGW;
				INFOPLIST_FILE = DrawGuessDemoUITests/Info.plist;
				LD_RUNPATH_SEARCH_PATHS = (
					"$(inherited)",
					"@executable_path/Frameworks",
					"@loader_path/Frameworks",
				);
				PRODUCT_BUNDLE_IDENTIFIER = moqipobing.DrawGuessDemoUITests;
				PRODUCT_NAME = "$(TARGET_NAME)";
				TARGETED_DEVICE_FAMILY = "1,2";
				TEST_TARGET_NAME = DrawGuessDemo;
			};
			name = Release;
		};
/* End XCBuildConfiguration section */

/* Begin XCConfigurationList section */
		2BCFBC66229C012D0016A96B /* Build configuration list for PBXProject "DrawGuessDemo" */ = {
			isa = XCConfigurationList;
			buildConfigurations = (
				2BCFBC95229C012E0016A96B /* Debug */,
				2BCFBC96229C012E0016A96B /* Release */,
			);
			defaultConfigurationIsVisible = 0;
			defaultConfigurationName = Release;
		};
		2BCFBC97229C012E0016A96B /* Build configuration list for PBXNativeTarget "DrawGuessDemo" */ = {
			isa = XCConfigurationList;
			buildConfigurations = (
				2BCFBC98229C012E0016A96B /* Debug */,
				2BCFBC99229C012E0016A96B /* Release */,
			);
			defaultConfigurationIsVisible = 0;
			defaultConfigurationName = Release;
		};
		2BCFBC9A229C012E0016A96B /* Build configuration list for PBXNativeTarget "DrawGuessDemoTests" */ = {
			isa = XCConfigurationList;
			buildConfigurations = (
				2BCFBC9B229C012E0016A96B /* Debug */,
				2BCFBC9C229C012E0016A96B /* Release */,
			);
			defaultConfigurationIsVisible = 0;
			defaultConfigurationName = Release;
		};
		2BCFBC9D229C012E0016A96B /* Build configuration list for PBXNativeTarget "DrawGuessDemoUITests" */ = {
			isa = XCConfigurationList;
			buildConfigurations = (
				2BCFBC9E229C012E0016A96B /* Debug */,
				2BCFBC9F229C012E0016A96B /* Release */,
			);
			defaultConfigurationIsVisible = 0;
			defaultConfigurationName = Release;
		};
/* End XCConfigurationList section */
	};
	rootObject = 2BCFBC63229C012D0016A96B /* Project object */;
}
